<?xml version="1.0" encoding="utf-8"?>
<Project ToolsVersion="4.0" xmlns="http://schemas.microsoft.com/developer/msbuild/2003">
  <ItemGroup>
    <Filter Include="Source Files">
      <UniqueIdentifier>{4FC737F1-C7A5-4376-A066-2A32D752A2FF}</UniqueIdentifier>
      <Extensions>cpp;c;cc;cxx;def;odl;idl;hpj;bat;asm;asmx</Extensions>
    </Filter>
    <Filter Include="Header Files">
      <UniqueIdentifier>{93995380-89BD-4b04-88EB-625FBE52EBFB}</UniqueIdentifier>
      <Extensions>h;hh;hpp;hxx;hm;inl;inc;xsd</Extensions>
    </Filter>
    <Filter Include="Resource Files">
      <UniqueIdentifier>{67DA6AB6-F800-4c08-8B7A-83BB121AAD01}</UniqueIdentifier>
      <Extensions>rc;ico;cur;bmp;dlg;rc2;rct;bin;rgs;gif;jpg;jpeg;jpe;resx;tiff;tif;png;wav;mfcribbon-ms</Extensions>
    </Filter>
  </ItemGroup>
  <ItemGroup>
    <ClInclude Include="example.h">
      <Filter>Header Files</Filter>
    </ClInclude>
    <ClInclude Include="ast\number_literal.h">
      <Filter>Header Files</Filter>
    </ClInclude>
    <ClInclude Include="ast\string_literal.h">
      <Filter>Header Files</Filter>
    </ClInclude>
    <ClInclude Include="stone_parser.h">
      <Filter>Header Files</Filter>
    </ClInclude>
    <ClInclude Include="ast\operators.h">
      <Filter>Header Files</Filter>
    </ClInclude>
    <ClInclude Include="ast\binary_operation.h">
      <Filter>Header Files</Filter>
    </ClInclude>
    <ClInclude Include="ast\unary_operation.h">
      <Filter>Header Files</Filter>
    </ClInclude>
    <ClInclude Include="ast\if_statement.h">
      <Filter>Header Files</Filter>
    </ClInclude>
    <ClInclude Include="ast\while_statement.h">
      <Filter>Header Files</Filter>
    </ClInclude>
    <ClInclude Include="ast\block.h">
      <Filter>Header Files</Filter>
    </ClInclude>
    <ClInclude Include="ast\statement.h">
      <Filter>Header Files</Filter>
    </ClInclude>
    <ClInclude Include="ast\expression.h">
      <Filter>Header Files</Filter>
    </ClInclude>
    <ClInclude Include="ast\ast.h">
      <Filter>Header Files</Filter>
    </ClInclude>
    <ClInclude Include="ast\class_definition.h">
      <Filter>Header Files</Filter>
    </ClInclude>
    <ClInclude Include="ast\function_definition.h">
      <Filter>Header Files</Filter>
    </ClInclude>
    <ClInclude Include="ast\to_string_visitor.h">
      <Filter>Header Files</Filter>
    </ClInclude>
    <ClInclude Include="ast\visitor.h">
      <Filter>Header Files</Filter>
    </ClInclude>
    <ClInclude Include="ast\simple_statement.h">
      <Filter>Header Files</Filter>
    </ClInclude>
    <ClInclude Include="ast\postfix.h">
      <Filter>Header Files</Filter>
    </ClInclude>
    <ClInclude Include="ast\literal.h">
      <Filter>Header Files</Filter>
    </ClInclude>
    <ClInclude Include="ast\identifier_literal.h">
      <Filter>Header Files</Filter>
    </ClInclude>
    <ClInclude Include="ast\member_postfix.h">
      <Filter>Header Files</Filter>
    </ClInclude>
    <ClInclude Include="ast\call_postfix.h">
      <Filter>Header Files</Filter>
    </ClInclude>
    <ClInclude Include="ast\array_literal.h">
      <Filter>Header Files</Filter>
    </ClInclude>
    <ClInclude Include="ast\primary_expression.h">
      <Filter>Header Files</Filter>
    </ClInclude>
    <ClInclude Include="ast\array_postfix.h">
      <Filter>Header Files</Filter>
    </ClInclude>
    <ClInclude Include="ast\call_expression.h">
      <Filter>Header Files</Filter>
    </ClInclude>
    <ClInclude Include="ast\include_all_ast.h">
      <Filter>Header Files</Filter>
    </ClInclude>
    <ClInclude Include="scanner.h">
      <Filter>Header Files</Filter>
    </ClInclude>
  </ItemGroup>
  <ItemGroup>
    <None Include="while_state.input" />
    <None Include="ClassDiagram.cd" />
    <None Include="scanner.ll" />
  </ItemGroup>
  <ItemGroup>
    <Text Include="deprected\old_lexer.txt" />
    <Text Include="CMakeLists.txt" />
    <Text Include="ast\CMakeLists.txt" />
  </ItemGroup>
  <ItemGroup>
    <ClCompile Include="stone_parser.cpp">
      <Filter>Source Files</Filter>
    </ClCompile>
    <ClCompile Include="main.cpp">
      <Filter>Source Files</Filter>
    </ClCompile>
    <ClCompile Include="ast\ast.cpp">
      <Filter>Source Files</Filter>
    </ClCompile>
    <ClCompile Include="ast\to_string_visitor.cpp">
      <Filter>Source Files</Filter>
    </ClCompile>
  </ItemGroup>
</Project>